
Microsoft Visual Studio Solution File, Format Version 12.00
# Visual Studio Version 16
VisualStudioVersion = 16.0.32106.194
MinimumVisualStudioVersion = 10.0.40219.1
Project("{FAE04EC0-301F-11D3-BF4B-00C04F79EFBC}") = "Vehicle", "Vehicle\Vehicle.csproj", "{84362D5D-BF9D-4EFA-BC17-CB825D868A63}"
EndProject
Project("{FAE04EC0-301F-11D3-BF4B-00C04F79EFBC}") = "Raiding", "Raiding\Raiding.csproj", "{4BA55520-761D-46E6-912F-C7E603F8BDD1}"
EndProject
Project("{FAE04EC0-301F-11D3-BF4B-00C04F79EFBC}") = "WildFarm", "WildFarm\WildFarm.csproj", "{5F638C74-DF14-41FA-8BA9-93A103FE927F}"
EndProject
Global
	GlobalSection(SolutionConfigurationPlatforms) = preSolution
		Debug|Any CPU = Debug|Any CPU
		Release|Any CPU = Release|Any CPU
	EndGlobalSection
	GlobalSection(ProjectConfigurationPlatforms) = postSolution
		{84362D5D-BF9D-4EFA-BC17-CB825D868A63}.Debug|Any CPU.ActiveCfg = Debug|Any CPU
		{84362D5D-BF9D-4EFA-BC17-CB825D868A63}.Debug|Any CPU.Build.0 = Debug|Any CPU
		{84362D5D-BF9D-4EFA-BC17-CB825D868A63}.Release|Any CPU.ActiveCfg = Release|Any CPU
		{84362D5D-BF9D-4EFA-BC17-CB825D868A63}.Release|Any CPU.Build.0 = Release|Any CPU
		{4BA55520-761D-46E6-912F-C7E603F8BDD1}.Debug|Any CPU.ActiveCfg = Debug|Any CPU
		{4BA55520-761D-46E6-912F-C7E603F8BDD1}.Debug|Any CPU.Build.0 = Debug|Any CPU
		{4BA55520-761D-46E6-912F-C7E603F8BDD1}.Release|Any CPU.ActiveCfg = Release|Any CPU
		{4BA55520-761D-46E6-912F-C7E603F8BDD1}.Release|Any CPU.Build.0 = Release|Any CPU
		{5F638C74-DF14-41FA-8BA9-93A103FE927F}.Debug|Any CPU.ActiveCfg = Debug|Any CPU
		{5F638C74-DF14-41FA-8BA9-93A103FE927F}.Debug|Any CPU.Build.0 = Debug|Any CPU
		{5F638C74-DF14-41FA-8BA9-93A103FE927F}.Release|Any CPU.ActiveCfg = Release|Any CPU
		{5F638C74-DF14-41FA-8BA9-93A103FE927F}.Release|Any CPU.Build.0 = Release|Any CPU
	EndGlobalSection
	GlobalSection(SolutionProperties) = preSolution
		HideSolutionNode = FALSE
	EndGlobalSection
	GlobalSection(ExtensibilityGlobals) = postSolution
		SolutionGuid = {D0687E43-0DBA-49CF-8C18-FE475CF55D96}
	EndGlobalSection
EndGlobal
